
Microsoft Visual Studio Solution File, Format Version 12.00
# Visual Studio Version 17
VisualStudioVersion = 17.2.32516.85
MinimumVisualStudioVersion = 10.0.40219.1
Project("{FAE04EC0-301F-11D3-BF4B-00C04F79EFBC}") = "Product Shop", "Product Shop\Product Shop.csproj", "{F7EAB651-C070-46AC-A18F-7F5312324699}"
EndProject
Global
	GlobalSection(SolutionConfigurationPlatforms) = preSolution
		Debug|Any CPU = Debug|Any CPU
		Release|Any CPU = Release|Any CPU
	EndGlobalSection
	GlobalSection(ProjectConfigurationPlatforms) = postSolution
		{F7EAB651-C070-46AC-A18F-7F5312324699}.Debug|Any CPU.ActiveCfg = Debug|Any CPU
		{F7EAB651-C070-46AC-A18F-7F5312324699}.Debug|Any CPU.Build.0 = Debug|Any CPU
		{F7EAB651-C070-46AC-A18F-7F5312324699}.Release|Any CPU.ActiveCfg = Release|Any CPU
		{F7EAB651-C070-46AC-A18F-7F5312324699}.Release|Any CPU.Build.0 = Release|Any CPU
	EndGlobalSection
	GlobalSection(SolutionProperties) = preSolution
		HideSolutionNode = FALSE
	EndGlobalSection
	GlobalSection(ExtensibilityGlobals) = postSolution
		SolutionGuid = {1971C82B-B637-4AA5-A136-A23B3B70C48D}
	EndGlobalSection
EndGlobal
