
Microsoft Visual Studio Solution File, Format Version 12.00
# Visual Studio Version 17
VisualStudioVersion = 17.2.32516.85
MinimumVisualStudioVersion = 10.0.40219.1
Project("{FAE04EC0-301F-11D3-BF4B-00C04F79EFBC}") = "Square with Maximum Sum", "Square with Maximum Sum\Square with Maximum Sum.csproj", "{4D54A2C5-592D-449A-ABE0-06E7B3DEA1E1}"
EndProject
Global
	GlobalSection(SolutionConfigurationPlatforms) = preSolution
		Debug|Any CPU = Debug|Any CPU
		Release|Any CPU = Release|Any CPU
	EndGlobalSection
	GlobalSection(ProjectConfigurationPlatforms) = postSolution
		{4D54A2C5-592D-449A-ABE0-06E7B3DEA1E1}.Debug|Any CPU.ActiveCfg = Debug|Any CPU
		{4D54A2C5-592D-449A-ABE0-06E7B3DEA1E1}.Debug|Any CPU.Build.0 = Debug|Any CPU
		{4D54A2C5-592D-449A-ABE0-06E7B3DEA1E1}.Release|Any CPU.ActiveCfg = Release|Any CPU
		{4D54A2C5-592D-449A-ABE0-06E7B3DEA1E1}.Release|Any CPU.Build.0 = Release|Any CPU
	EndGlobalSection
	GlobalSection(SolutionProperties) = preSolution
		HideSolutionNode = FALSE
	EndGlobalSection
	GlobalSection(ExtensibilityGlobals) = postSolution
		SolutionGuid = {748FD221-C343-4BB4-B15D-65BD9F8ECEA9}
	EndGlobalSection
EndGlobal
