
Microsoft Visual Studio Solution File, Format Version 12.00
# Visual Studio Version 17
VisualStudioVersion = 17.2.32526.322
MinimumVisualStudioVersion = 10.0.40219.1
Project("{FAE04EC0-301F-11D3-BF4B-00C04F79EFBC}") = "Blacksmith", "Blacksmith\Blacksmith.csproj", "{0E075F44-96EC-43C8-B01F-A22C11DD28EF}"
EndProject
Global
	GlobalSection(SolutionConfigurationPlatforms) = preSolution
		Debug|Any CPU = Debug|Any CPU
		Release|Any CPU = Release|Any CPU
	EndGlobalSection
	GlobalSection(ProjectConfigurationPlatforms) = postSolution
		{0E075F44-96EC-43C8-B01F-A22C11DD28EF}.Debug|Any CPU.ActiveCfg = Debug|Any CPU
		{0E075F44-96EC-43C8-B01F-A22C11DD28EF}.Debug|Any CPU.Build.0 = Debug|Any CPU
		{0E075F44-96EC-43C8-B01F-A22C11DD28EF}.Release|Any CPU.ActiveCfg = Release|Any CPU
		{0E075F44-96EC-43C8-B01F-A22C11DD28EF}.Release|Any CPU.Build.0 = Release|Any CPU
	EndGlobalSection
	GlobalSection(SolutionProperties) = preSolution
		HideSolutionNode = FALSE
	EndGlobalSection
	GlobalSection(ExtensibilityGlobals) = postSolution
		SolutionGuid = {67BB666E-5271-441D-96D6-177FEE7F2467}
	EndGlobalSection
EndGlobal
